
Microsoft Visual Studio Solution File, Format Version 12.00
# Visual Studio Version 17
VisualStudioVersion = 17.9.34728.123
MinimumVisualStudioVersion = 10.0.40219.1
Project("{FAE04EC0-301F-11D3-BF4B-00C04F79EFBC}") = "CSharp OOP Assignment 2 School", "CSharp OOP Assignment 2 School\CSharp OOP Assignment 2 School.csproj", "{6005F223-EA63-4AA6-8405-B3B849EDBF4F}"
EndProject
Global
	GlobalSection(SolutionConfigurationPlatforms) = preSolution
		Debug|Any CPU = Debug|Any CPU
		Release|Any CPU = Release|Any CPU
	EndGlobalSection
	GlobalSection(ProjectConfigurationPlatforms) = postSolution
		{6005F223-EA63-4AA6-8405-B3B849EDBF4F}.Debug|Any CPU.ActiveCfg = Debug|Any CPU
		{6005F223-EA63-4AA6-8405-B3B849EDBF4F}.Debug|Any CPU.Build.0 = Debug|Any CPU
		{6005F223-EA63-4AA6-8405-B3B849EDBF4F}.Release|Any CPU.ActiveCfg = Release|Any CPU
		{6005F223-EA63-4AA6-8405-B3B849EDBF4F}.Release|Any CPU.Build.0 = Release|Any CPU
	EndGlobalSection
	GlobalSection(SolutionProperties) = preSolution
		HideSolutionNode = FALSE
	EndGlobalSection
	GlobalSection(ExtensibilityGlobals) = postSolution
		SolutionGuid = {7B0C5BCB-168B-4FF3-B5AD-E533CB2A1B5A}
	EndGlobalSection
EndGlobal
